{
  "name": "autocouch",
  "version": "1.0.0",
  "lockfileVersion": 1,
  "requires": true,
  "dependencies": {
    "@types/debug": {
      "version": "4.1.5",
      "resolved": "https://registry.npmjs.org/@types/debug/-/debug-4.1.5.tgz",
      "integrity": "sha512-Q1y515GcOdTHgagaVFhHnIFQ38ygs/kmxdNpvpou+raI9UO3YZcHDngBSYKQklcKlvA7iuQlmIKbzvmxcOE9CQ=="
    },
    "@types/node": {
      "version": "13.1.8",
      "resolved": "https://registry.npmjs.org/@types/node/-/node-13.1.8.tgz",
      "integrity": "sha512-6XzyyNM9EKQW4HKuzbo/CkOIjn/evtCmsU+MUM1xDfJ+3/rNjBttM1NgN7AOQvN6tP1Sl1D1PIKMreTArnxM9A=="
    },
    "@types/node-fetch": {
      "version": "2.5.4",
      "resolved": "https://registry.npmjs.org/@types/node-fetch/-/node-fetch-2.5.4.tgz",
      "integrity": "sha512-Oz6id++2qAOFuOlE1j0ouk1dzl3mmI1+qINPNBhi9nt/gVOz0G+13Ao6qjhdF0Ys+eOkhu6JnFmt38bR3H0POQ==",
      "requires": {
        "@types/node": "*"
      }
    },
    "@types/pouchdb": {
      "version": "6.4.0",
      "resolved": "https://registry.npmjs.org/@types/pouchdb/-/pouchdb-6.4.0.tgz",
      "integrity": "sha512-eGCpX+NXhd5VLJuJMzwe3L79fa9+IDTrAG3CPaf4s/31PD56hOrhDJTSmRELSXuiqXr6+OHzzP0PldSaWsFt7w==",
      "requires": {
        "@types/pouchdb-adapter-cordova-sqlite": "*",
        "@types/pouchdb-adapter-fruitdown": "*",
        "@types/pouchdb-adapter-http": "*",
        "@types/pouchdb-adapter-idb": "*",
        "@types/pouchdb-adapter-leveldb": "*",
        "@types/pouchdb-adapter-localstorage": "*",
        "@types/pouchdb-adapter-memory": "*",
        "@types/pouchdb-adapter-node-websql": "*",
        "@types/pouchdb-adapter-websql": "*",
        "@types/pouchdb-browser": "*",
        "@types/pouchdb-core": "*",
        "@types/pouchdb-http": "*",
        "@types/pouchdb-mapreduce": "*",
        "@types/pouchdb-node": "*",
        "@types/pouchdb-replication": "*"
      }
    },
    "@types/pouchdb-adapter-cordova-sqlite": {
      "version": "1.0.0",
      "resolved": "https://registry.npmjs.org/@types/pouchdb-adapter-cordova-sqlite/-/pouchdb-adapter-cordova-sqlite-1.0.0.tgz",
      "integrity": "sha512-NsqpEYKunBS/BPvttlOVQ5Me6LdU6UYZB0Qak3XS/AvLeIRdF61MZ/czSuL/ozydYr6bikewt6dvlpCK1HWG9Q==",
      "requires": {
        "@types/pouchdb-core": "*"
      }
    },
    "@types/pouchdb-adapter-fruitdown": {
      "version": "6.1.3",
      "resolved": "https://registry.npmjs.org/@types/pouchdb-adapter-fruitdown/-/pouchdb-adapter-fruitdown-6.1.3.tgz",
      "integrity": "sha512-Wz1Z1JLOW1hgmFQjqnSkmyyfH7by/iWb4abKn684WMvQfmxx6BxKJpJ4+eulkVPQzzgMMSgU1MpnQOm9FgRkbw==",
      "requires": {
        "@types/pouchdb-core": "*"
      }
    },
    "@types/pouchdb-adapter-http": {
      "version": "6.1.3",
      "resolved": "https://registry.npmjs.org/@types/pouchdb-adapter-http/-/pouchdb-adapter-http-6.1.3.tgz",
      "integrity": "sha512-9Z4TLbF/KJWy/D2sWRPBA+RNU0odQimfdvlDX+EY7rGcd3aVoH8qjD/X0Xcd/0dfBH5pKrNIMFFQgW/TylRCmA==",
      "requires": {
        "@types/pouchdb-core": "*"
      }
    },
    "@types/pouchdb-adapter-idb": {
      "version": "6.1.3",
      "resolved": "https://registry.npmjs.org/@types/pouchdb-adapter-idb/-/pouchdb-adapter-idb-6.1.3.tgz",
      "integrity": "sha512-K4G9pmHkR2JyL8d6cllIEix2dtQFVIJyDcgoT7ctrbIyyhT4kRjieGc3O7tzIhm1bv7W2qz1aResO9lq7qjKVQ==",
      "requires": {
        "@types/pouchdb-core": "*"
      }
    },
    "@types/pouchdb-adapter-leveldb": {
      "version": "6.1.3",
      "resolved": "https://registry.npmjs.org/@types/pouchdb-adapter-leveldb/-/pouchdb-adapter-leveldb-6.1.3.tgz",
      "integrity": "sha512-ex8NFqQGFwEpFi7AaZ5YofmuemfZNsL3nTFZBUCAKYMBkazQij1pe2ILLStSvJr0XS0qxgXjCEW19T5Wqiiskg==",
      "requires": {
        "@types/pouchdb-core": "*"
      }
    },
    "@types/pouchdb-adapter-localstorage": {
      "version": "6.1.3",
      "resolved": "https://registry.npmjs.org/@types/pouchdb-adapter-localstorage/-/pouchdb-adapter-localstorage-6.1.3.tgz",
      "integrity": "sha512-oor040tye1KKiGLWYtIy7rRT7C2yoyX3Tf6elEJRpjOA7Ja/H8lKc4LaSh9ATbptIcES6MRqZDxtp7ly9hsW3Q==",
      "requires": {
        "@types/pouchdb-core": "*"
      }
    },
    "@types/pouchdb-adapter-memory": {
      "version": "6.1.3",
      "resolved": "https://registry.npmjs.org/@types/pouchdb-adapter-memory/-/pouchdb-adapter-memory-6.1.3.tgz",
      "integrity": "sha512-gVbsIMzDzgZYThFVT4eVNsmuZwVm/4jDxP1sjlgc3qtDIxbtBhGgyNfcskwwz9Zu5Lv1avkDsIWvcxQhnvRlHg==",
      "requires": {
        "@types/pouchdb-core": "*"
      }
    },
    "@types/pouchdb-adapter-node-websql": {
      "version": "6.1.3",
      "resolved": "https://registry.npmjs.org/@types/pouchdb-adapter-node-websql/-/pouchdb-adapter-node-websql-6.1.3.tgz",
      "integrity": "sha512-F/P+os6Jsa7CgHtH64+Z0HfwIcj0hIRB5z8gNhF7L7dxPWoAfkopK5H2gydrP3sQrlGyN4WInF+UJW/Zu1+FKg==",
      "requires": {
        "@types/pouchdb-adapter-websql": "*",
        "@types/pouchdb-core": "*"
      }
    },
    "@types/pouchdb-adapter-websql": {
      "version": "6.1.3",
      "resolved": "https://registry.npmjs.org/@types/pouchdb-adapter-websql/-/pouchdb-adapter-websql-6.1.3.tgz",
      "integrity": "sha512-0AsCWnliwg/3PKj5NAoFuzpnMQKXGBOl+6q8aNxK3N9Tq3SbV91QhgW/mdJsOdqSOw0EBudkGdE6/CZlrgeLpw==",
      "requires": {
        "@types/pouchdb-core": "*"
      }
    },
    "@types/pouchdb-browser": {
      "version": "6.1.3",
      "resolved": "https://registry.npmjs.org/@types/pouchdb-browser/-/pouchdb-browser-6.1.3.tgz",
      "integrity": "sha512-EdYowrWxW9SWBMX/rux2eq7dbHi5Zeyzz+FF/IAsgQKnUxgeCO5VO2j4zTzos0SDyJvAQU+EYRc11r7xGn5tvA==",
      "requires": {
        "@types/pouchdb-adapter-http": "*",
        "@types/pouchdb-adapter-idb": "*",
        "@types/pouchdb-adapter-websql": "*",
        "@types/pouchdb-core": "*",
        "@types/pouchdb-mapreduce": "*",
        "@types/pouchdb-replication": "*"
      }
    },
    "@types/pouchdb-core": {
      "version": "7.0.5",
      "resolved": "https://registry.npmjs.org/@types/pouchdb-core/-/pouchdb-core-7.0.5.tgz",
      "integrity": "sha512-jTR9Yy0a7cNn0+zhwPQF0mQywC9fHD1cKLNwlCF/NX5EQLS7FN4R55gbo3CgcNJ3Gu59EJd4nkA9RzR66zwKRw==",
      "requires": {
        "@types/debug": "*",
        "@types/node-fetch": "*",
        "@types/pouchdb-find": "*"
      }
    },
    "@types/pouchdb-find": {
      "version": "6.3.4",
      "resolved": "https://registry.npmjs.org/@types/pouchdb-find/-/pouchdb-find-6.3.4.tgz",
      "integrity": "sha512-yT959pA3JgQns4Z9mlmuuUd6kEg7mSgRnF+XVN/EjFjuhZjKgR79+ia2R/UtUPKLtsm63IX6uHZFSPvkDhU/rA==",
      "requires": {
        "@types/pouchdb-core": "*"
      }
    },
    "@types/pouchdb-http": {
      "version": "6.1.3",
      "resolved": "https://registry.npmjs.org/@types/pouchdb-http/-/pouchdb-http-6.1.3.tgz",
      "integrity": "sha512-0e9E5SqNOyPl/3FnEIbENssB4FlJsNYuOy131nxrZk36S+y1R/6qO7ZVRypWpGTqBWSuVd7gCsq2UDwO/285+w==",
      "requires": {
        "@types/pouchdb-adapter-http": "*",
        "@types/pouchdb-core": "*"
      }
    },
    "@types/pouchdb-mapreduce": {
      "version": "6.1.4",
      "resolved": "https://registry.npmjs.org/@types/pouchdb-mapreduce/-/pouchdb-mapreduce-6.1.4.tgz",
      "integrity": "sha512-c8cZ8E9zEl7ZMcrE5jaF2qOm+cxQ01+B0NG9oGHVX3Mj5G8m4oIBAUELJmJw9LvEq3r9nXXn6g9TvvN8NiRalg==",
      "requires": {
        "@types/pouchdb-core": "*"
      }
    },
    "@types/pouchdb-node": {
      "version": "6.1.3",
      "resolved": "https://registry.npmjs.org/@types/pouchdb-node/-/pouchdb-node-6.1.3.tgz",
      "integrity": "sha512-rZb3eWGLKJo4LBhUIJLofyoric/5wKYI6HVUld8CfDWeVZgYVUJ/GEw/vXuqXsbgbsaNyk6XeU9461ULBt+0qg==",
      "requires": {
        "@types/pouchdb-adapter-http": "*",
        "@types/pouchdb-adapter-leveldb": "*",
        "@types/pouchdb-core": "*",
        "@types/pouchdb-mapreduce": "*",
        "@types/pouchdb-replication": "*"
      }
    },
    "@types/pouchdb-replication": {
      "version": "6.4.2",
      "resolved": "https://registry.npmjs.org/@types/pouchdb-replication/-/pouchdb-replication-6.4.2.tgz",
      "integrity": "sha512-BbuwkCv6nu8RUVjymUvhSw/Oo+VOCWyUpio3ujOoxhVdef/JZ5AUjsotgKWHiG0OtkZ8O5oCbAx5uH1Zf6w9XA==",
      "requires": {
        "@types/pouchdb-core": "*",
        "@types/pouchdb-find": "*"
      }
    },
    "@types/uuid": {
      "version": "3.4.6",
      "resolved": "https://registry.npmjs.org/@types/uuid/-/uuid-3.4.6.tgz",
      "integrity": "sha512-cCdlC/1kGEZdEglzOieLDYBxHsvEOIg7kp/2FYyVR9Pxakq+Qf/inL3RKQ+PA8gOlI/NnL+fXmQH12nwcGzsHw==",
      "requires": {
        "@types/node": "*"
      }
    },
    "abstract-leveldown": {
      "version": "6.0.3",
      "resolved": "https://registry.npmjs.org/abstract-leveldown/-/abstract-leveldown-6.0.3.tgz",
      "integrity": "sha512-jzewKKpZbaYUa6HTThnrl+GrJhzjEAeuc7hTVpZdzg7kupXZFoqQDFwyOwLNbmJKJlmzw8yiipMPkDiuKkT06Q==",
      "requires": {
        "level-concat-iterator": "~2.0.0",
        "xtend": "~4.0.0"
      }
    },
    "argsarray": {
      "version": "0.0.1",
      "resolved": "https://registry.npmjs.org/argsarray/-/argsarray-0.0.1.tgz",
      "integrity": "sha1-bnIHtOzbObCviDA/pa4ivajfYcs="
    },
    "automerge": {
      "version": "0.12.1",
      "resolved": "https://registry.npmjs.org/automerge/-/automerge-0.12.1.tgz",
      "integrity": "sha512-7JOiRk4b6EP/Uj0AjmZTeYICXJmBRHFkL0U3mlTNXuDlUr3c4v/Wb8v0RXiX4UuVgGjkovcjOdiBMkVmzdu2KQ==",
      "requires": {
        "immutable": "^3.8.2",
        "transit-immutable-js": "^0.7.0",
        "transit-js": "^0.8.861",
        "uuid": "3.3.2"
      },
      "dependencies": {
        "uuid": {
          "version": "3.3.2",
          "resolved": "https://registry.npmjs.org/uuid/-/uuid-3.3.2.tgz",
          "integrity": "sha512-yXJmeNaw3DnnKAOKJE51sL/ZaYfWJRl1pK9dr19YFCu0ObS231AB1/LbqTKRAQ5kw8A90rA6fr4riOUpTZvQZA=="
        }
      }
    },
    "buffer-from": {
      "version": "1.1.0",
      "resolved": "https://registry.npmjs.org/buffer-from/-/buffer-from-1.1.0.tgz",
      "integrity": "sha512-c5mRlguI/Pe2dSZmpER62rSCu0ryKmWddzRYsuXc50U2/g8jMOulc31VZMa4mYx31U5xsmSOpDCgH88Vl9cDGQ=="
    },
    "clone-buffer": {
      "version": "1.0.0",
      "resolved": "https://registry.npmjs.org/clone-buffer/-/clone-buffer-1.0.0.tgz",
      "integrity": "sha1-4+JbIHrE5wGvch4staFnksrD3Fg="
    },
    "core-util-is": {
      "version": "1.0.2",
      "resolved": "https://registry.npmjs.org/core-util-is/-/core-util-is-1.0.2.tgz",
      "integrity": "sha1-tf1UIgqivFq1eqtxQMlAdUUDwac="
    },
    "deferred-leveldown": {
      "version": "5.3.0",
      "resolved": "https://registry.npmjs.org/deferred-leveldown/-/deferred-leveldown-5.3.0.tgz",
      "integrity": "sha512-a59VOT+oDy7vtAbLRCZwWgxu2BaCfd5Hk7wxJd48ei7I+nsg8Orlb9CLG0PMZienk9BSUKgeAqkO2+Lw+1+Ukw==",
      "requires": {
        "abstract-leveldown": "~6.2.1",
        "inherits": "^2.0.3"
      },
      "dependencies": {
        "abstract-leveldown": {
          "version": "6.2.2",
          "resolved": "https://registry.npmjs.org/abstract-leveldown/-/abstract-leveldown-6.2.2.tgz",
          "integrity": "sha512-/a+Iwj0rn//CX0EJOasNyZJd2o8xur8Ce9C57Sznti/Ilt/cb6Qd8/k98A4ZOklXgTG+iAYYUs1OTG0s1eH+zQ==",
          "requires": {
            "level-concat-iterator": "~2.0.0",
            "level-supports": "~1.0.0",
            "xtend": "~4.0.0"
          }
        }
      }
    },
    "double-ended-queue": {
      "version": "2.1.0-0",
      "resolved": "https://registry.npmjs.org/double-ended-queue/-/double-ended-queue-2.1.0-0.tgz",
      "integrity": "sha1-ED01J/0xUo9AGIEwyEHv3XgmTlw="
    },
    "encoding-down": {
      "version": "6.3.0",
      "resolved": "https://registry.npmjs.org/encoding-down/-/encoding-down-6.3.0.tgz",
      "integrity": "sha512-QKrV0iKR6MZVJV08QY0wp1e7vF6QbhnbQhb07bwpEyuz4uZiZgPlEGdkCROuFkUwdxlFaiPIhjyarH1ee/3vhw==",
      "requires": {
        "abstract-leveldown": "^6.2.1",
        "inherits": "^2.0.3",
        "level-codec": "^9.0.0",
        "level-errors": "^2.0.0"
      },
      "dependencies": {
        "abstract-leveldown": {
          "version": "6.2.2",
          "resolved": "https://registry.npmjs.org/abstract-leveldown/-/abstract-leveldown-6.2.2.tgz",
          "integrity": "sha512-/a+Iwj0rn//CX0EJOasNyZJd2o8xur8Ce9C57Sznti/Ilt/cb6Qd8/k98A4ZOklXgTG+iAYYUs1OTG0s1eH+zQ==",
          "requires": {
            "level-concat-iterator": "~2.0.0",
            "level-supports": "~1.0.0",
            "xtend": "~4.0.0"
          }
        }
      }
    },
    "end-stream": {
      "version": "0.1.0",
      "resolved": "https://registry.npmjs.org/end-stream/-/end-stream-0.1.0.tgz",
      "integrity": "sha1-MgA/P0OKKwFDFoE3+PpumGbIHtU=",
      "requires": {
        "write-stream": "~0.4.3"
      }
    },
    "errno": {
      "version": "0.1.7",
      "resolved": "https://registry.npmjs.org/errno/-/errno-0.1.7.tgz",
      "integrity": "sha512-MfrRBDWzIWifgq6tJj60gkAwtLNb6sQPlcFrSOflcP1aFmmruKQ2wRnze/8V6kgyz7H3FF8Npzv78mZ7XLLflg==",
      "requires": {
        "prr": "~1.0.1"
      }
    },
    "es6-denodeify": {
      "version": "0.1.5",
      "resolved": "https://registry.npmjs.org/es6-denodeify/-/es6-denodeify-0.1.5.tgz",
      "integrity": "sha1-MdTV/pxVA+ElRgQ5MQ4WoqPznB8="
    },
    "fast-future": {
      "version": "1.0.2",
      "resolved": "https://registry.npmjs.org/fast-future/-/fast-future-1.0.2.tgz",
      "integrity": "sha1-hDWpqqAteSSNF9cE52JZMB2ZKAo="
    },
    "fetch-cookie": {
      "version": "0.7.0",
      "resolved": "https://registry.npmjs.org/fetch-cookie/-/fetch-cookie-0.7.0.tgz",
      "integrity": "sha512-Mm5pGlT3agW6t71xVM7vMZPIvI7T4FaTuFW4jari6dVzYHFDb3WZZsGpN22r/o3XMdkM0E7sPd1EGeyVbH2Tgg==",
      "requires": {
        "es6-denodeify": "^0.1.1",
        "tough-cookie": "^2.3.1"
      }
    },
    "immediate": {
      "version": "3.0.6",
      "resolved": "https://registry.npmjs.org/immediate/-/immediate-3.0.6.tgz",
      "integrity": "sha1-nbHb0Pr43m++D13V5Wu2BigN5ps="
    },
    "immutable": {
      "version": "3.8.2",
      "resolved": "https://registry.npmjs.org/immutable/-/immutable-3.8.2.tgz",
      "integrity": "sha1-wkOZUUVbs5kT2vKBN28VMOEErfM="
    },
    "inherits": {
      "version": "2.0.3",
      "resolved": "https://registry.npmjs.org/inherits/-/inherits-2.0.3.tgz",
      "integrity": "sha1-Yzwsg+PaQqUC9SRmAiSA9CCCYd4="
    },
    "is-typedarray": {
      "version": "1.0.0",
      "resolved": "https://registry.npmjs.org/is-typedarray/-/is-typedarray-1.0.0.tgz",
      "integrity": "sha1-5HnICFjfDBsR3dppQPlgEfzaSpo="
    },
    "isarray": {
      "version": "0.0.1",
      "resolved": "https://registry.npmjs.org/isarray/-/isarray-0.0.1.tgz",
      "integrity": "sha1-ihis/Kmo9Bd+Cav8YDiTmwXR7t8="
    },
    "level": {
      "version": "5.0.1",
      "resolved": "https://registry.npmjs.org/level/-/level-5.0.1.tgz",
      "integrity": "sha512-wcak5OQeA4rURGacqS62R/xNHjCYnJSQDBOlm4KNUGJVE9bWv2B04TclqReYejN+oD65PzD4FsqeWoI5wNC5Lg==",
      "requires": {
        "level-js": "^4.0.0",
        "level-packager": "^5.0.0",
        "leveldown": "^5.0.0",
        "opencollective-postinstall": "^2.0.0"
      }
    },
    "level-codec": {
      "version": "9.0.1",
      "resolved": "https://registry.npmjs.org/level-codec/-/level-codec-9.0.1.tgz",
      "integrity": "sha512-ajFP0kJ+nyq4i6kptSM+mAvJKLOg1X5FiFPtLG9M5gCEZyBmgDi3FkDrvlMkEzrUn1cWxtvVmrvoS4ASyO/q+Q=="
    },
    "level-concat-iterator": {
      "version": "2.0.1",
      "resolved": "https://registry.npmjs.org/level-concat-iterator/-/level-concat-iterator-2.0.1.tgz",
      "integrity": "sha512-OTKKOqeav2QWcERMJR7IS9CUo1sHnke2C0gkSmcR7QuEtFNLLzHQAvnMw8ykvEcv0Qtkg0p7FOwP1v9e5Smdcw=="
    },
    "level-errors": {
      "version": "2.0.1",
      "resolved": "https://registry.npmjs.org/level-errors/-/level-errors-2.0.1.tgz",
      "integrity": "sha512-UVprBJXite4gPS+3VznfgDSU8PTRuVX0NXwoWW50KLxd2yw4Y1t2JUR5In1itQnudZqRMT9DlAM3Q//9NCjCFw==",
      "requires": {
        "errno": "~0.1.1"
      }
    },
    "level-iterator-stream": {
      "version": "4.0.2",
      "resolved": "https://registry.npmjs.org/level-iterator-stream/-/level-iterator-stream-4.0.2.tgz",
      "integrity": "sha512-ZSthfEqzGSOMWoUGhTXdX9jv26d32XJuHz/5YnuHZzH6wldfWMOVwI9TBtKcya4BKTyTt3XVA0A3cF3q5CY30Q==",
      "requires": {
        "inherits": "^2.0.4",
        "readable-stream": "^3.4.0",
        "xtend": "^4.0.2"
      },
      "dependencies": {
        "inherits": {
          "version": "2.0.4",
          "resolved": "https://registry.npmjs.org/inherits/-/inherits-2.0.4.tgz",
          "integrity": "sha512-k/vGaX4/Yla3WzyMCvTQOXYeIHvqOKtnqBduzTHpzpQZzAskKMhZ2K+EnBiSM9zGSoIFeMpXKxa4dYeZIQqewQ=="
        },
        "readable-stream": {
          "version": "3.5.0",
          "resolved": "https://registry.npmjs.org/readable-stream/-/readable-stream-3.5.0.tgz",
          "integrity": "sha512-gSz026xs2LfxBPudDuI41V1lka8cxg64E66SGe78zJlsUofOg/yqwezdIcdfwik6B4h8LFmWPA9ef9X3FiNFLA==",
          "requires": {
            "inherits": "^2.0.3",
            "string_decoder": "^1.1.1",
            "util-deprecate": "^1.0.1"
          }
        }
      }
    },
    "level-js": {
      "version": "4.0.2",
      "resolved": "https://registry.npmjs.org/level-js/-/level-js-4.0.2.tgz",
      "integrity": "sha512-PeGjZsyMG4O89KHiez1zoMJxStnkM+oBIqgACjoo5PJqFiSUUm3GNod/KcbqN5ktyZa8jkG7I1T0P2u6HN9lIg==",
      "requires": {
        "abstract-leveldown": "~6.0.1",
        "immediate": "~3.2.3",
        "inherits": "^2.0.3",
        "ltgt": "^2.1.2",
        "typedarray-to-buffer": "~3.1.5"
      },
      "dependencies": {
        "immediate": {
          "version": "3.2.3",
          "resolved": "https://registry.npmjs.org/immediate/-/immediate-3.2.3.tgz",
          "integrity": "sha1-0UD6j2FGWb1lQSMwl92qwlzdmRw="
        }
      }
    },
    "level-packager": {
      "version": "5.1.1",
      "resolved": "https://registry.npmjs.org/level-packager/-/level-packager-5.1.1.tgz",
      "integrity": "sha512-HMwMaQPlTC1IlcwT3+swhqf/NUO+ZhXVz6TY1zZIIZlIR0YSn8GtAAWmIvKjNY16ZkEg/JcpAuQskxsXqC0yOQ==",
      "requires": {
        "encoding-down": "^6.3.0",
        "levelup": "^4.3.2"
      },
      "dependencies": {
        "levelup": {
          "version": "4.3.2",
          "resolved": "https://registry.npmjs.org/levelup/-/levelup-4.3.2.tgz",
          "integrity": "sha512-cRTjU4ktWo59wf13PHEiOayHC3n0dOh4i5+FHr4tv4MX9+l7mqETicNq3Aj07HKlLdk0z5muVoDL2RD+ovgiyA==",
          "requires": {
            "deferred-leveldown": "~5.3.0",
            "level-errors": "~2.0.0",
            "level-iterator-stream": "~4.0.0",
            "level-supports": "~1.0.0",
            "xtend": "~4.0.0"
          }
        }
      }
    },
    "level-supports": {
      "version": "1.0.1",
      "resolved": "https://registry.npmjs.org/level-supports/-/level-supports-1.0.1.tgz",
      "integrity": "sha512-rXM7GYnW8gsl1vedTJIbzOrRv85c/2uCMpiiCzO2fndd06U/kUXEEU9evYn4zFggBOg36IsBW8LzqIpETwwQzg==",
      "requires": {
        "xtend": "^4.0.2"
      }
    },
    "level-write-stream": {
      "version": "1.0.0",
      "resolved": "https://registry.npmjs.org/level-write-stream/-/level-write-stream-1.0.0.tgz",
      "integrity": "sha1-P3+7Z5pVE3wP6zA97nZuEu4Twdw=",
      "requires": {
        "end-stream": "~0.1.0"
      }
    },
    "leveldown": {
      "version": "5.0.2",
      "resolved": "https://registry.npmjs.org/leveldown/-/leveldown-5.0.2.tgz",
      "integrity": "sha512-Ib6ygFYBleS8x2gh3C1AkVsdrUShqXpe6jSTnZ6sRycEXKhqVf+xOSkhgSnjidpPzyv0d95LJVFrYQ4NuXAqHA==",
      "requires": {
        "abstract-leveldown": "~6.0.0",
        "fast-future": "~1.0.2",
        "napi-macros": "~1.8.1",
        "node-gyp-build": "~3.8.0"
      }
    },
    "levelup": {
      "version": "4.0.2",
      "resolved": "https://registry.npmjs.org/levelup/-/levelup-4.0.2.tgz",
      "integrity": "sha512-cx9PmLENwbGA3svWBEbeO2HazpOSOYSXH4VA+ahVpYyurvD+SDSfURl29VBY2qgyk+Vfy2dJd71SBRckj/EZVA==",
      "requires": {
        "deferred-leveldown": "~5.0.0",
        "level-errors": "~2.0.0",
        "level-iterator-stream": "~4.0.0",
        "xtend": "~4.0.0"
      },
      "dependencies": {
        "deferred-leveldown": {
          "version": "5.0.1",
          "resolved": "https://registry.npmjs.org/deferred-leveldown/-/deferred-leveldown-5.0.1.tgz",
          "integrity": "sha512-BXohsvTedWOLkj2n/TY+yqVlrCWa2Zs8LSxh3uCAgFOru7/pjxKyZAexGa1j83BaKloER4PqUyQ9rGPJLt9bqA==",
          "requires": {
            "abstract-leveldown": "~6.0.0",
            "inherits": "^2.0.3"
          }
        }
      }
    },
    "ltgt": {
      "version": "2.2.1",
      "resolved": "https://registry.npmjs.org/ltgt/-/ltgt-2.2.1.tgz",
      "integrity": "sha1-81ypHEk/e3PaDgdJUwTxezH4fuU="
    },
    "napi-macros": {
      "version": "1.8.2",
      "resolved": "https://registry.npmjs.org/napi-macros/-/napi-macros-1.8.2.tgz",
      "integrity": "sha512-Tr0DNY4RzTaBG2W2m3l7ZtFuJChTH6VZhXVhkGGjF/4cZTt+i8GcM9ozD+30Lmr4mDoZ5Xx34t2o4GJqYWDGcg=="
    },
    "node-fetch": {
      "version": "2.4.1",
      "resolved": "https://registry.npmjs.org/node-fetch/-/node-fetch-2.4.1.tgz",
      "integrity": "sha512-P9UbpFK87NyqBZzUuDBDz4f6Yiys8xm8j7ACDbi6usvFm6KItklQUKjeoqTrYS/S1k6I8oaOC2YLLDr/gg26Mw=="
    },
    "node-gyp-build": {
      "version": "3.8.0",
      "resolved": "https://registry.npmjs.org/node-gyp-build/-/node-gyp-build-3.8.0.tgz",
      "integrity": "sha512-bYbpIHyRqZ7sVWXxGpz8QIRug5JZc/hzZH4GbdT9HTZi6WmKCZ8GLvP8OZ9TTiIBvwPFKgtGrlWQSXDAvYdsPw=="
    },
    "opencollective-postinstall": {
      "version": "2.0.2",
      "resolved": "https://registry.npmjs.org/opencollective-postinstall/-/opencollective-postinstall-2.0.2.tgz",
      "integrity": "sha512-pVOEP16TrAO2/fjej1IdOyupJY8KDUM1CvsaScRbw6oddvpQoOfGk4ywha0HKKVAD6RkW4x6Q+tNBwhf3Bgpuw=="
    },
    "pouchdb": {
      "version": "7.1.1",
      "resolved": "https://registry.npmjs.org/pouchdb/-/pouchdb-7.1.1.tgz",
      "integrity": "sha512-8bXWclixNJZqokvxGHRsG19zehSJiaZaz4dVYlhXhhUctz7gMcNTElHjPBzBdZlKKvt9aFDndmXN1VVE53Co8g==",
      "requires": {
        "argsarray": "0.0.1",
        "buffer-from": "1.1.0",
        "clone-buffer": "1.0.0",
        "double-ended-queue": "2.1.0-0",
        "fetch-cookie": "0.7.0",
        "immediate": "3.0.6",
        "inherits": "2.0.3",
        "level": "5.0.1",
        "level-codec": "9.0.1",
        "level-write-stream": "1.0.0",
        "leveldown": "5.0.2",
        "levelup": "4.0.2",
        "ltgt": "2.2.1",
        "node-fetch": "2.4.1",
        "readable-stream": "1.0.33",
        "spark-md5": "3.0.0",
        "through2": "3.0.1",
        "uuid": "3.2.1",
        "vuvuzela": "1.0.3"
      },
      "dependencies": {
        "uuid": {
          "version": "3.2.1",
          "resolved": "https://registry.npmjs.org/uuid/-/uuid-3.2.1.tgz",
          "integrity": "sha512-jZnMwlb9Iku/O3smGWvZhauCf6cvvpKi4BKRiliS3cxnI+Gz9j5MEpTz2UFuXiKPJocb7gnsLHwiS05ige5BEA=="
        }
      }
    },
    "prr": {
      "version": "1.0.1",
      "resolved": "https://registry.npmjs.org/prr/-/prr-1.0.1.tgz",
      "integrity": "sha1-0/wRS6BplaRexok/SEzrHXj19HY="
    },
    "psl": {
      "version": "1.7.0",
      "resolved": "https://registry.npmjs.org/psl/-/psl-1.7.0.tgz",
      "integrity": "sha512-5NsSEDv8zY70ScRnOTn7bK7eanl2MvFrOrS/R6x+dBt5g1ghnj9Zv90kO8GwT8gxcu2ANyFprnFYB85IogIJOQ=="
    },
    "punycode": {
      "version": "2.1.1",
      "resolved": "https://registry.npmjs.org/punycode/-/punycode-2.1.1.tgz",
      "integrity": "sha512-XRsRjdf+j5ml+y/6GKHPZbrF/8p2Yga0JPtdqTIY2Xe5ohJPD9saDJJLPvp9+NSBprVvevdXZybnj2cv8OEd0A=="
    },
    "readable-stream": {
      "version": "1.0.33",
      "resolved": "https://registry.npmjs.org/readable-stream/-/readable-stream-1.0.33.tgz",
      "integrity": "sha1-OjYN1mwbHX/UcFOJhg7aHQ9hEmw=",
      "requires": {
        "core-util-is": "~1.0.0",
        "inherits": "~2.0.1",
        "isarray": "0.0.1",
        "string_decoder": "~0.10.x"
      },
      "dependencies": {
        "string_decoder": {
          "version": "0.10.31",
          "resolved": "https://registry.npmjs.org/string_decoder/-/string_decoder-0.10.31.tgz",
          "integrity": "sha1-YuIDvEF2bGwoyfyEMB2rHFMQ+pQ="
        }
      }
    },
    "safe-buffer": {
      "version": "5.2.0",
      "resolved": "https://registry.npmjs.org/safe-buffer/-/safe-buffer-5.2.0.tgz",
      "integrity": "sha512-fZEwUGbVl7kouZs1jCdMLdt95hdIv0ZeHg6L7qPeciMZhZ+/gdesW4wgTARkrFWEpspjEATAzUGPG8N2jJiwbg=="
    },
    "spark-md5": {
      "version": "3.0.0",
      "resolved": "https://registry.npmjs.org/spark-md5/-/spark-md5-3.0.0.tgz",
      "integrity": "sha1-NyIifFTi+vJLHcbZM8wUTm9xv+8="
    },
    "string_decoder": {
      "version": "1.3.0",
      "resolved": "https://registry.npmjs.org/string_decoder/-/string_decoder-1.3.0.tgz",
      "integrity": "sha512-hkRX8U1WjJFd8LsDJ2yQ/wWWxaopEsABU1XfkM8A+j0+85JAGppt16cr1Whg6KIbb4okU6Mql6BOj+uup/wKeA==",
      "requires": {
        "safe-buffer": "~5.2.0"
      }
    },
    "through2": {
      "version": "3.0.1",
      "resolved": "https://registry.npmjs.org/through2/-/through2-3.0.1.tgz",
      "integrity": "sha512-M96dvTalPT3YbYLaKaCuwu+j06D/8Jfib0o/PxbVt6Amhv3dUAtW6rTV1jPgJSBG83I/e04Y6xkVdVhSRhi0ww==",
      "requires": {
        "readable-stream": "2 || 3"
      },
      "dependencies": {
        "readable-stream": {
          "version": "3.5.0",
          "resolved": "https://registry.npmjs.org/readable-stream/-/readable-stream-3.5.0.tgz",
          "integrity": "sha512-gSz026xs2LfxBPudDuI41V1lka8cxg64E66SGe78zJlsUofOg/yqwezdIcdfwik6B4h8LFmWPA9ef9X3FiNFLA==",
          "requires": {
            "inherits": "^2.0.3",
            "string_decoder": "^1.1.1",
            "util-deprecate": "^1.0.1"
          }
        }
      }
    },
    "tough-cookie": {
      "version": "2.5.0",
      "resolved": "https://registry.npmjs.org/tough-cookie/-/tough-cookie-2.5.0.tgz",
      "integrity": "sha512-nlLsUzgm1kfLXSXfRZMc1KLAugd4hqJHDTvc2hDIwS3mZAfMEuMbc03SujMF+GEcpaX/qboeycw6iO8JwVv2+g==",
      "requires": {
        "psl": "^1.1.28",
        "punycode": "^2.1.1"
      }
    },
    "transit-immutable-js": {
      "version": "0.7.0",
      "resolved": "https://registry.npmjs.org/transit-immutable-js/-/transit-immutable-js-0.7.0.tgz",
      "integrity": "sha1-mT4lCJtjEf9AIUD1VidtbSUwBdk="
    },
    "transit-js": {
      "version": "0.8.861",
      "resolved": "https://registry.npmjs.org/transit-js/-/transit-js-0.8.861.tgz",
      "integrity": "sha512-4O9OrYPZw6C0M5gMTvaeOp+xYz6EF79JsyxIvqXHlt+pisSrioJWFOE80N8aCPoJLcNaXF442RZrVtdmd4wkDQ=="
    },
    "typedarray-to-buffer": {
      "version": "3.1.5",
      "resolved": "https://registry.npmjs.org/typedarray-to-buffer/-/typedarray-to-buffer-3.1.5.tgz",
      "integrity": "sha512-zdu8XMNEDepKKR+XYOXAVPtWui0ly0NtohUscw+UmaHiAWT8hrV1rr//H6V+0DvJ3OQ19S979M0laLfX8rm82Q==",
      "requires": {
        "is-typedarray": "^1.0.0"
      }
    },
    "util-deprecate": {
      "version": "1.0.2",
      "resolved": "https://registry.npmjs.org/util-deprecate/-/util-deprecate-1.0.2.tgz",
      "integrity": "sha1-RQ1Nyfpw3nMnYvvS1KKJgUGaDM8="
    },
    "uuid": {
      "version": "3.4.0",
      "resolved": "https://registry.npmjs.org/uuid/-/uuid-3.4.0.tgz",
      "integrity": "sha512-HjSDRw6gZE5JMggctHBcjVak08+KEVhSIiDzFnT9S9aegmp85S/bReBVTb4QTFaRNptJ9kuYaNhnbNEOkbKb/A=="
    },
    "vuvuzela": {
      "version": "1.0.3",
      "resolved": "https://registry.npmjs.org/vuvuzela/-/vuvuzela-1.0.3.tgz",
      "integrity": "sha1-O+FF5YJxxzylUnndhR8SpoIRSws="
    },
    "write-stream": {
      "version": "0.4.3",
      "resolved": "https://registry.npmjs.org/write-stream/-/write-stream-0.4.3.tgz",
      "integrity": "sha1-g8yMA0fQr2BXqThitOOuAd5cgcE=",
      "requires": {
        "readable-stream": "~0.0.2"
      },
      "dependencies": {
        "readable-stream": {
          "version": "0.0.4",
          "resolved": "https://registry.npmjs.org/readable-stream/-/readable-stream-0.0.4.tgz",
          "integrity": "sha1-8y124/uGM0SlSNeZIwBxc2ZbO40="
        }
      }
    },
    "xtend": {
      "version": "4.0.2",
      "resolved": "https://registry.npmjs.org/xtend/-/xtend-4.0.2.tgz",
      "integrity": "sha512-LKYU1iAXJXUgAXn9URjiu+MWhyUXHsvfp7mcuYm9dSUKK0/CjtrUwFAxD82/mCWbtLsGjFIad0wIsod4zrTAEQ=="
    }
  }
}
